
Microsoft Visual Studio Solution File, Format Version 12.00
# Visual Studio Version 16
VisualStudioVersion = 16.0.30523.141
MinimumVisualStudioVersion = 10.0.40219.1
Project("{9A19103F-16F7-4668-BE54-9A1E7A4F7556}") = "Kampintro", "Kampintro\Kampintro.csproj", "{C87F90C0-10D9-4EB6-97FC-42CB9711517D}"
EndProject
Project("{9A19103F-16F7-4668-BE54-9A1E7A4F7556}") = "Donguler", "Donguler\Donguler.csproj", "{847AD05E-D98D-4A39-B11D-95DBF209C8F8}"
EndProject
Project("{9A19103F-16F7-4668-BE54-9A1E7A4F7556}") = "Classintro", "Classintro\Classintro.csproj", "{A7FF1900-28F8-4A9F-8E03-F04846128942}"
EndProject
Project("{9A19103F-16F7-4668-BE54-9A1E7A4F7556}") = "Metotlar", "Metotlar\Metotlar.csproj", "{E2FB927E-3744-4685-8DE7-06AD0A1C6B23}"
EndProject
Project("{9A19103F-16F7-4668-BE54-9A1E7A4F7556}") = "Matematik", "Matematik\Matematik.csproj", "{1BE5D012-8116-4A14-9F06-4FF3801D52E7}"
EndProject
Project("{9A19103F-16F7-4668-BE54-9A1E7A4F7556}") = "DegerVeReferansTipler", "DegerVeReferansTipler\DegerVeReferansTipler.csproj", "{8DFDF033-CB58-4E7C-942A-6BEDF95BB9BE}"
EndProject
Project("{FAE04EC0-301F-11D3-BF4B-00C04F79EFBC}") = "OOP1", "OOP1\OOP1.csproj", "{138D42DF-A07E-4D6B-B107-7CDD81A8306A}"
EndProject
Project("{FAE04EC0-301F-11D3-BF4B-00C04F79EFBC}") = "Koleksiyonlar", "Koleksiyonlar\Koleksiyonlar.csproj", "{436E0515-37B6-4872-929B-4546E7F5DB1D}"
EndProject
Project("{FAE04EC0-301F-11D3-BF4B-00C04F79EFBC}") = "GenericsIntro", "GenericsIntro\GenericsIntro.csproj", "{94064A92-52CB-43C3-B9F1-10BDCAD7798C}"
EndProject
Global
	GlobalSection(SolutionConfigurationPlatforms) = preSolution
		Debug|Any CPU = Debug|Any CPU
		Release|Any CPU = Release|Any CPU
	EndGlobalSection
	GlobalSection(ProjectConfigurationPlatforms) = postSolution
		{C87F90C0-10D9-4EB6-97FC-42CB9711517D}.Debug|Any CPU.ActiveCfg = Debug|Any CPU
		{C87F90C0-10D9-4EB6-97FC-42CB9711517D}.Debug|Any CPU.Build.0 = Debug|Any CPU
		{C87F90C0-10D9-4EB6-97FC-42CB9711517D}.Release|Any CPU.ActiveCfg = Release|Any CPU
		{C87F90C0-10D9-4EB6-97FC-42CB9711517D}.Release|Any CPU.Build.0 = Release|Any CPU
		{847AD05E-D98D-4A39-B11D-95DBF209C8F8}.Debug|Any CPU.ActiveCfg = Debug|Any CPU
		{847AD05E-D98D-4A39-B11D-95DBF209C8F8}.Debug|Any CPU.Build.0 = Debug|Any CPU
		{847AD05E-D98D-4A39-B11D-95DBF209C8F8}.Release|Any CPU.ActiveCfg = Release|Any CPU
		{847AD05E-D98D-4A39-B11D-95DBF209C8F8}.Release|Any CPU.Build.0 = Release|Any CPU
		{A7FF1900-28F8-4A9F-8E03-F04846128942}.Debug|Any CPU.ActiveCfg = Debug|Any CPU
		{A7FF1900-28F8-4A9F-8E03-F04846128942}.Debug|Any CPU.Build.0 = Debug|Any CPU
		{A7FF1900-28F8-4A9F-8E03-F04846128942}.Release|Any CPU.ActiveCfg = Release|Any CPU
		{A7FF1900-28F8-4A9F-8E03-F04846128942}.Release|Any CPU.Build.0 = Release|Any CPU
		{E2FB927E-3744-4685-8DE7-06AD0A1C6B23}.Debug|Any CPU.ActiveCfg = Debug|Any CPU
		{E2FB927E-3744-4685-8DE7-06AD0A1C6B23}.Debug|Any CPU.Build.0 = Debug|Any CPU
		{E2FB927E-3744-4685-8DE7-06AD0A1C6B23}.Release|Any CPU.ActiveCfg = Release|Any CPU
		{E2FB927E-3744-4685-8DE7-06AD0A1C6B23}.Release|Any CPU.Build.0 = Release|Any CPU
		{1BE5D012-8116-4A14-9F06-4FF3801D52E7}.Debug|Any CPU.ActiveCfg = Debug|Any CPU
		{1BE5D012-8116-4A14-9F06-4FF3801D52E7}.Debug|Any CPU.Build.0 = Debug|Any CPU
		{1BE5D012-8116-4A14-9F06-4FF3801D52E7}.Release|Any CPU.ActiveCfg = Release|Any CPU
		{1BE5D012-8116-4A14-9F06-4FF3801D52E7}.Release|Any CPU.Build.0 = Release|Any CPU
		{8DFDF033-CB58-4E7C-942A-6BEDF95BB9BE}.Debug|Any CPU.ActiveCfg = Debug|Any CPU
		{8DFDF033-CB58-4E7C-942A-6BEDF95BB9BE}.Debug|Any CPU.Build.0 = Debug|Any CPU
		{8DFDF033-CB58-4E7C-942A-6BEDF95BB9BE}.Release|Any CPU.ActiveCfg = Release|Any CPU
		{8DFDF033-CB58-4E7C-942A-6BEDF95BB9BE}.Release|Any CPU.Build.0 = Release|Any CPU
		{138D42DF-A07E-4D6B-B107-7CDD81A8306A}.Debug|Any CPU.ActiveCfg = Debug|Any CPU
		{138D42DF-A07E-4D6B-B107-7CDD81A8306A}.Debug|Any CPU.Build.0 = Debug|Any CPU
		{138D42DF-A07E-4D6B-B107-7CDD81A8306A}.Release|Any CPU.ActiveCfg = Release|Any CPU
		{138D42DF-A07E-4D6B-B107-7CDD81A8306A}.Release|Any CPU.Build.0 = Release|Any CPU
		{436E0515-37B6-4872-929B-4546E7F5DB1D}.Debug|Any CPU.ActiveCfg = Debug|Any CPU
		{436E0515-37B6-4872-929B-4546E7F5DB1D}.Debug|Any CPU.Build.0 = Debug|Any CPU
		{436E0515-37B6-4872-929B-4546E7F5DB1D}.Release|Any CPU.ActiveCfg = Release|Any CPU
		{436E0515-37B6-4872-929B-4546E7F5DB1D}.Release|Any CPU.Build.0 = Release|Any CPU
		{94064A92-52CB-43C3-B9F1-10BDCAD7798C}.Debug|Any CPU.ActiveCfg = Debug|Any CPU
		{94064A92-52CB-43C3-B9F1-10BDCAD7798C}.Debug|Any CPU.Build.0 = Debug|Any CPU
		{94064A92-52CB-43C3-B9F1-10BDCAD7798C}.Release|Any CPU.ActiveCfg = Release|Any CPU
		{94064A92-52CB-43C3-B9F1-10BDCAD7798C}.Release|Any CPU.Build.0 = Release|Any CPU
	EndGlobalSection
	GlobalSection(SolutionProperties) = preSolution
		HideSolutionNode = FALSE
	EndGlobalSection
	GlobalSection(ExtensibilityGlobals) = postSolution
		SolutionGuid = {EF465DCA-12AE-4B20-A425-151788F9DFF7}
	EndGlobalSection
EndGlobal
